
Microsoft Visual Studio Solution File, Format Version 12.00
# Visual Studio Version 17
VisualStudioVersion = 17.4.33213.308
MinimumVisualStudioVersion = 10.0.40219.1
Project("{FAE04EC0-301F-11D3-BF4B-00C04F79EFBC}") = "ConsoleApp2", "ConsoleApp2\ConsoleApp2.csproj", "{1B7BE75E-61E9-4912-9BA0-6EC770A35D94}"
EndProject
Global
	GlobalSection(SolutionConfigurationPlatforms) = preSolution
		Debug|Any CPU = Debug|Any CPU
		Release|Any CPU = Release|Any CPU
	EndGlobalSection
	GlobalSection(ProjectConfigurationPlatforms) = postSolution
		{1B7BE75E-61E9-4912-9BA0-6EC770A35D94}.Debug|Any CPU.ActiveCfg = Debug|Any CPU
		{1B7BE75E-61E9-4912-9BA0-6EC770A35D94}.Debug|Any CPU.Build.0 = Debug|Any CPU
		{1B7BE75E-61E9-4912-9BA0-6EC770A35D94}.Release|Any CPU.ActiveCfg = Release|Any CPU
		{1B7BE75E-61E9-4912-9BA0-6EC770A35D94}.Release|Any CPU.Build.0 = Release|Any CPU
	EndGlobalSection
	GlobalSection(SolutionProperties) = preSolution
		HideSolutionNode = FALSE
	EndGlobalSection
	GlobalSection(ExtensibilityGlobals) = postSolution
		SolutionGuid = {A9CA48F7-116E-403C-9455-4C06BE2D196F}
	EndGlobalSection
EndGlobal
